
Microsoft Visual Studio Solution File, Format Version 12.00
# Visual Studio 15
Project("{FAE04EC0-301F-11D3-BF4B-00C04F79EFBC}") = "Oculus.Platform", "Oculus.Platform.csproj", "{F63676E4-713B-A17D-47A7-3757FD93FF0A}"
EndProject
Project("{FAE04EC0-301F-11D3-BF4B-00C04F79EFBC}") = "Assembly-CSharp", "Assembly-CSharp.csproj", "{F9215C0E-0051-189A-AC46-5D29C4C215EE}"
EndProject
Project("{FAE04EC0-301F-11D3-BF4B-00C04F79EFBC}") = "Oculus.Interaction", "Oculus.Interaction.csproj", "{92DD930F-65B7-0070-3706-8F5539239197}"
EndProject
Project("{FAE04EC0-301F-11D3-BF4B-00C04F79EFBC}") = "Oculus.VR", "Oculus.VR.csproj", "{6C946411-F146-512A-C7AF-E29A03CEC925}"
EndProject
Project("{FAE04EC0-301F-11D3-BF4B-00C04F79EFBC}") = "VoiceSDK.Dictation.Runtime", "VoiceSDK.Dictation.Runtime.csproj", "{D01C6920-3ADD-50EA-7B5A-41E90E0F023E}"
EndProject
Project("{FAE04EC0-301F-11D3-BF4B-00C04F79EFBC}") = "VoiceSDK.Runtime", "VoiceSDK.Runtime.csproj", "{BB97BC71-4CAE-73D3-6871-B2D32B16BAF3}"
EndProject
Project("{FAE04EC0-301F-11D3-BF4B-00C04F79EFBC}") = "Meta.WitAi", "Meta.WitAi.csproj", "{BF2036A1-0683-F687-AA61-B6BA4E0EB6C4}"
EndProject
Project("{FAE04EC0-301F-11D3-BF4B-00C04F79EFBC}") = "Oculus.Interaction.OVR.Samples", "Oculus.Interaction.OVR.Samples.csproj", "{706F0FD8-CA98-DF03-4548-E9C1D1376FA2}"
EndProject
Project("{FAE04EC0-301F-11D3-BF4B-00C04F79EFBC}") = "Meta.WitAi.TTS.Samples", "Meta.WitAi.TTS.Samples.csproj", "{64290010-EC1E-1EC3-2EC8-A3AF64295A01}"
EndProject
Project("{FAE04EC0-301F-11D3-BF4B-00C04F79EFBC}") = "Oculus.Voice.Demo", "Oculus.Voice.Demo.csproj", "{B7135543-ADCC-FCF4-415D-004A8B212ADC}"
EndProject
Project("{FAE04EC0-301F-11D3-BF4B-00C04F79EFBC}") = "Meta.WitAi.Lib", "Meta.WitAi.Lib.csproj", "{CD3D3D99-1606-42F7-A117-8076A0292910}"
EndProject
Project("{FAE04EC0-301F-11D3-BF4B-00C04F79EFBC}") = "Oculus.Interaction.OVR", "Oculus.Interaction.OVR.csproj", "{EBE20B51-EE9B-9818-1E53-7174C9F1536B}"
EndProject
Project("{FAE04EC0-301F-11D3-BF4B-00C04F79EFBC}") = "AssistantCoreSDKRuntime", "AssistantCoreSDKRuntime.csproj", "{5FB4FC82-A69A-AC9F-35C7-CED216A1FC40}"
EndProject
Project("{FAE04EC0-301F-11D3-BF4B-00C04F79EFBC}") = "Meta.WitAi.Conduit", "Meta.WitAi.Conduit.csproj", "{E16D32E2-3ED6-7D78-F250-A8808942AA40}"
EndProject
Project("{FAE04EC0-301F-11D3-BF4B-00C04F79EFBC}") = "Oculus.AudioManager", "Oculus.AudioManager.csproj", "{0B8126E4-4C24-3B16-46EA-141C02157023}"
EndProject
Project("{FAE04EC0-301F-11D3-BF4B-00C04F79EFBC}") = "Oculus.LipSync", "Oculus.LipSync.csproj", "{5FCC096A-17F1-CB9E-9FEC-5B6B092BD061}"
EndProject
Project("{FAE04EC0-301F-11D3-BF4B-00C04F79EFBC}") = "Oculus.Spatializer", "Oculus.Spatializer.csproj", "{9C650275-D971-DA0E-6A69-69A736851D70}"
EndProject
Project("{FAE04EC0-301F-11D3-BF4B-00C04F79EFBC}") = "Meta.VoiceSDK.Mic.Other", "Meta.VoiceSDK.Mic.Other.csproj", "{491372C0-C45B-FA56-AB7F-F61207D369CF}"
EndProject
Project("{FAE04EC0-301F-11D3-BF4B-00C04F79EFBC}") = "Meta.VoiceSDK.Mic.Common", "Meta.VoiceSDK.Mic.Common.csproj", "{BB47EA3C-D187-7DC5-63C8-97247AC5A1C4}"
EndProject
Project("{FAE04EC0-301F-11D3-BF4B-00C04F79EFBC}") = "Facebook.Wit.Dictation", "Facebook.Wit.Dictation.csproj", "{37F533C8-E6C1-4CBB-4A3C-54CCA9519ED4}"
EndProject
Project("{FAE04EC0-301F-11D3-BF4B-00C04F79EFBC}") = "Meta.WitAi.TTS", "Meta.WitAi.TTS.csproj", "{8F6B8F04-6695-B71E-449C-60FA9FC16942}"
EndProject
Project("{FAE04EC0-301F-11D3-BF4B-00C04F79EFBC}") = "Meta.WitAi.Editor", "Meta.WitAi.Editor.csproj", "{0FAF8BAF-2B7E-3722-4452-481B0D0A7393}"
EndProject
Project("{FAE04EC0-301F-11D3-BF4B-00C04F79EFBC}") = "Meta.WitAI.Lib.Editor", "Meta.WitAI.Lib.Editor.csproj", "{D24A0F17-2A7D-4E8C-3D2E-CA6B2C9BEEC0}"
EndProject
Project("{FAE04EC0-301F-11D3-BF4B-00C04F79EFBC}") = "Oculus.VR.Editor", "Oculus.VR.Editor.csproj", "{582AD855-5F0F-AE4F-AFB2-CCB26A0798A0}"
EndProject
Project("{FAE04EC0-301F-11D3-BF4B-00C04F79EFBC}") = "Meta.WitAi.Conduit.Editor", "Meta.WitAi.Conduit.Editor.csproj", "{C17383D7-4A05-5941-38AF-F856F1BEBD43}"
EndProject
Project("{FAE04EC0-301F-11D3-BF4B-00C04F79EFBC}") = "Oculus.Interaction.Editor", "Oculus.Interaction.Editor.csproj", "{6198590E-EAFF-F402-10ED-D12B9F8D71F8}"
EndProject
Project("{FAE04EC0-301F-11D3-BF4B-00C04F79EFBC}") = "Oculus.Interaction.OVR.Editor", "Oculus.Interaction.OVR.Editor.csproj", "{5BB7B71E-2506-AAC7-DFB0-7892AED4379E}"
EndProject
Project("{FAE04EC0-301F-11D3-BF4B-00C04F79EFBC}") = "Assembly-CSharp-Editor", "Assembly-CSharp-Editor.csproj", "{3C04C0D4-0A8D-CACD-C4F6-7AA45605F9A4}"
EndProject
Project("{FAE04EC0-301F-11D3-BF4B-00C04F79EFBC}") = "Oculus.VR.Scripts.Editor", "Oculus.VR.Scripts.Editor.csproj", "{461FDF7A-4A9F-82DD-2813-B2C3DC014CEC}"
EndProject
Project("{FAE04EC0-301F-11D3-BF4B-00C04F79EFBC}") = "Oculus.Spatializer.Editor", "Oculus.Spatializer.Editor.csproj", "{69689A78-BC04-A986-DB57-5273CA9D082D}"
EndProject
Project("{FAE04EC0-301F-11D3-BF4B-00C04F79EFBC}") = "Meta.WitAi.TTS.Editor", "Meta.WitAi.TTS.Editor.csproj", "{84F9B5C4-B586-90AE-443E-A349D5583B3D}"
EndProject
Project("{FAE04EC0-301F-11D3-BF4B-00C04F79EFBC}") = "VoiceSDK.Dictation.Editor", "VoiceSDK.Dictation.Editor.csproj", "{7A59C1D5-335F-65CB-550D-3D1CA5C14CD5}"
EndProject
Project("{FAE04EC0-301F-11D3-BF4B-00C04F79EFBC}") = "Oculus.Platform.Editor", "Oculus.Platform.Editor.csproj", "{8B4F0292-259E-E2D1-E3AF-26EC7320BF4A}"
EndProject
Project("{FAE04EC0-301F-11D3-BF4B-00C04F79EFBC}") = "VoiceSDK.Editor", "VoiceSDK.Editor.csproj", "{D163764D-ADF8-23DD-62D3-093FBD102764}"
EndProject
Project("{FAE04EC0-301F-11D3-BF4B-00C04F79EFBC}") = "Oculus.AudioManager.Audio.Editor", "Oculus.AudioManager.Audio.Editor.csproj", "{658702E9-E6F0-00C9-A387-903E9982A2A9}"
EndProject
Project("{FAE04EC0-301F-11D3-BF4B-00C04F79EFBC}") = "Oculus.LipSync.Editor", "Oculus.LipSync.Editor.csproj", "{2299CC7A-6C47-FE5F-BEBC-AEBC28B1F05F}"
EndProject
Project("{FAE04EC0-301F-11D3-BF4B-00C04F79EFBC}") = "Oculus.AudioManager.Utils.Editor", "Oculus.AudioManager.Utils.Editor.csproj", "{D1C31321-E5B9-E80F-328A-DE8E0EB986F9}"
EndProject
Project("{FAE04EC0-301F-11D3-BF4B-00C04F79EFBC}") = "Oculus.Interaction.Samples.Editor", "Oculus.Interaction.Samples.Editor.csproj", "{E439E1B1-79B5-1F81-B85D-0A8A66043B14}"
EndProject
Project("{FAE04EC0-301F-11D3-BF4B-00C04F79EFBC}") = "Facebook.Wit.Dictation.Editor", "Facebook.Wit.Dictation.Editor.csproj", "{31A780A1-8B2F-37BF-4E7F-A5B79B0B3DAB}"
EndProject
Project("{FAE04EC0-301F-11D3-BF4B-00C04F79EFBC}") = "Oculus.Interaction.InterfaceSupport", "Oculus.Interaction.InterfaceSupport.csproj", "{25394554-D711-2AD0-2DAE-2FC216255520}"
EndProject
Project("{FAE04EC0-301F-11D3-BF4B-00C04F79EFBC}") = "AssistantCoreSDKEditor", "AssistantCoreSDKEditor.csproj", "{369FE09B-ECE1-4674-988E-4481A07657F2}"
EndProject
Global
	GlobalSection(SolutionConfigurationPlatforms) = preSolution
		Debug|Any CPU = Debug|Any CPU
		Release|Any CPU = Release|Any CPU
	EndGlobalSection
	GlobalSection(ProjectConfigurationPlatforms) = postSolution
		{F63676E4-713B-A17D-47A7-3757FD93FF0A}.Debug|Any CPU.ActiveCfg = Debug|Any CPU
		{F63676E4-713B-A17D-47A7-3757FD93FF0A}.Debug|Any CPU.Build.0 = Debug|Any CPU
		{F63676E4-713B-A17D-47A7-3757FD93FF0A}.Release|Any CPU.ActiveCfg = Release|Any CPU
		{F63676E4-713B-A17D-47A7-3757FD93FF0A}.Release|Any CPU.Build.0 = Release|Any CPU
		{F9215C0E-0051-189A-AC46-5D29C4C215EE}.Debug|Any CPU.ActiveCfg = Debug|Any CPU
		{F9215C0E-0051-189A-AC46-5D29C4C215EE}.Debug|Any CPU.Build.0 = Debug|Any CPU
		{F9215C0E-0051-189A-AC46-5D29C4C215EE}.Release|Any CPU.ActiveCfg = Release|Any CPU
		{F9215C0E-0051-189A-AC46-5D29C4C215EE}.Release|Any CPU.Build.0 = Release|Any CPU
		{92DD930F-65B7-0070-3706-8F5539239197}.Debug|Any CPU.ActiveCfg = Debug|Any CPU
		{92DD930F-65B7-0070-3706-8F5539239197}.Debug|Any CPU.Build.0 = Debug|Any CPU
		{92DD930F-65B7-0070-3706-8F5539239197}.Release|Any CPU.ActiveCfg = Release|Any CPU
		{92DD930F-65B7-0070-3706-8F5539239197}.Release|Any CPU.Build.0 = Release|Any CPU
		{6C946411-F146-512A-C7AF-E29A03CEC925}.Debug|Any CPU.ActiveCfg = Debug|Any CPU
		{6C946411-F146-512A-C7AF-E29A03CEC925}.Debug|Any CPU.Build.0 = Debug|Any CPU
		{6C946411-F146-512A-C7AF-E29A03CEC925}.Release|Any CPU.ActiveCfg = Release|Any CPU
		{6C946411-F146-512A-C7AF-E29A03CEC925}.Release|Any CPU.Build.0 = Release|Any CPU
		{D01C6920-3ADD-50EA-7B5A-41E90E0F023E}.Debug|Any CPU.ActiveCfg = Debug|Any CPU
		{D01C6920-3ADD-50EA-7B5A-41E90E0F023E}.Debug|Any CPU.Build.0 = Debug|Any CPU
		{D01C6920-3ADD-50EA-7B5A-41E90E0F023E}.Release|Any CPU.ActiveCfg = Release|Any CPU
		{D01C6920-3ADD-50EA-7B5A-41E90E0F023E}.Release|Any CPU.Build.0 = Release|Any CPU
		{BB97BC71-4CAE-73D3-6871-B2D32B16BAF3}.Debug|Any CPU.ActiveCfg = Debug|Any CPU
		{BB97BC71-4CAE-73D3-6871-B2D32B16BAF3}.Debug|Any CPU.Build.0 = Debug|Any CPU
		{BB97BC71-4CAE-73D3-6871-B2D32B16BAF3}.Release|Any CPU.ActiveCfg = Release|Any CPU
		{BB97BC71-4CAE-73D3-6871-B2D32B16BAF3}.Release|Any CPU.Build.0 = Release|Any CPU
		{BF2036A1-0683-F687-AA61-B6BA4E0EB6C4}.Debug|Any CPU.ActiveCfg = Debug|Any CPU
		{BF2036A1-0683-F687-AA61-B6BA4E0EB6C4}.Debug|Any CPU.Build.0 = Debug|Any CPU
		{BF2036A1-0683-F687-AA61-B6BA4E0EB6C4}.Release|Any CPU.ActiveCfg = Release|Any CPU
		{BF2036A1-0683-F687-AA61-B6BA4E0EB6C4}.Release|Any CPU.Build.0 = Release|Any CPU
		{706F0FD8-CA98-DF03-4548-E9C1D1376FA2}.Debug|Any CPU.ActiveCfg = Debug|Any CPU
		{706F0FD8-CA98-DF03-4548-E9C1D1376FA2}.Debug|Any CPU.Build.0 = Debug|Any CPU
		{706F0FD8-CA98-DF03-4548-E9C1D1376FA2}.Release|Any CPU.ActiveCfg = Release|Any CPU
		{706F0FD8-CA98-DF03-4548-E9C1D1376FA2}.Release|Any CPU.Build.0 = Release|Any CPU
		{64290010-EC1E-1EC3-2EC8-A3AF64295A01}.Debug|Any CPU.ActiveCfg = Debug|Any CPU
		{64290010-EC1E-1EC3-2EC8-A3AF64295A01}.Debug|Any CPU.Build.0 = Debug|Any CPU
		{64290010-EC1E-1EC3-2EC8-A3AF64295A01}.Release|Any CPU.ActiveCfg = Release|Any CPU
		{64290010-EC1E-1EC3-2EC8-A3AF64295A01}.Release|Any CPU.Build.0 = Release|Any CPU
		{B7135543-ADCC-FCF4-415D-004A8B212ADC}.Debug|Any CPU.ActiveCfg = Debug|Any CPU
		{B7135543-ADCC-FCF4-415D-004A8B212ADC}.Debug|Any CPU.Build.0 = Debug|Any CPU
		{B7135543-ADCC-FCF4-415D-004A8B212ADC}.Release|Any CPU.ActiveCfg = Release|Any CPU
		{B7135543-ADCC-FCF4-415D-004A8B212ADC}.Release|Any CPU.Build.0 = Release|Any CPU
		{CD3D3D99-1606-42F7-A117-8076A0292910}.Debug|Any CPU.ActiveCfg = Debug|Any CPU
		{CD3D3D99-1606-42F7-A117-8076A0292910}.Debug|Any CPU.Build.0 = Debug|Any CPU
		{CD3D3D99-1606-42F7-A117-8076A0292910}.Release|Any CPU.ActiveCfg = Release|Any CPU
		{CD3D3D99-1606-42F7-A117-8076A0292910}.Release|Any CPU.Build.0 = Release|Any CPU
		{EBE20B51-EE9B-9818-1E53-7174C9F1536B}.Debug|Any CPU.ActiveCfg = Debug|Any CPU
		{EBE20B51-EE9B-9818-1E53-7174C9F1536B}.Debug|Any CPU.Build.0 = Debug|Any CPU
		{EBE20B51-EE9B-9818-1E53-7174C9F1536B}.Release|Any CPU.ActiveCfg = Release|Any CPU
		{EBE20B51-EE9B-9818-1E53-7174C9F1536B}.Release|Any CPU.Build.0 = Release|Any CPU
		{5FB4FC82-A69A-AC9F-35C7-CED216A1FC40}.Debug|Any CPU.ActiveCfg = Debug|Any CPU
		{5FB4FC82-A69A-AC9F-35C7-CED216A1FC40}.Debug|Any CPU.Build.0 = Debug|Any CPU
		{5FB4FC82-A69A-AC9F-35C7-CED216A1FC40}.Release|Any CPU.ActiveCfg = Release|Any CPU
		{5FB4FC82-A69A-AC9F-35C7-CED216A1FC40}.Release|Any CPU.Build.0 = Release|Any CPU
		{E16D32E2-3ED6-7D78-F250-A8808942AA40}.Debug|Any CPU.ActiveCfg = Debug|Any CPU
		{E16D32E2-3ED6-7D78-F250-A8808942AA40}.Debug|Any CPU.Build.0 = Debug|Any CPU
		{E16D32E2-3ED6-7D78-F250-A8808942AA40}.Release|Any CPU.ActiveCfg = Release|Any CPU
		{E16D32E2-3ED6-7D78-F250-A8808942AA40}.Release|Any CPU.Build.0 = Release|Any CPU
		{0B8126E4-4C24-3B16-46EA-141C02157023}.Debug|Any CPU.ActiveCfg = Debug|Any CPU
		{0B8126E4-4C24-3B16-46EA-141C02157023}.Debug|Any CPU.Build.0 = Debug|Any CPU
		{0B8126E4-4C24-3B16-46EA-141C02157023}.Release|Any CPU.ActiveCfg = Release|Any CPU
		{0B8126E4-4C24-3B16-46EA-141C02157023}.Release|Any CPU.Build.0 = Release|Any CPU
		{5FCC096A-17F1-CB9E-9FEC-5B6B092BD061}.Debug|Any CPU.ActiveCfg = Debug|Any CPU
		{5FCC096A-17F1-CB9E-9FEC-5B6B092BD061}.Debug|Any CPU.Build.0 = Debug|Any CPU
		{5FCC096A-17F1-CB9E-9FEC-5B6B092BD061}.Release|Any CPU.ActiveCfg = Release|Any CPU
		{5FCC096A-17F1-CB9E-9FEC-5B6B092BD061}.Release|Any CPU.Build.0 = Release|Any CPU
		{9C650275-D971-DA0E-6A69-69A736851D70}.Debug|Any CPU.ActiveCfg = Debug|Any CPU
		{9C650275-D971-DA0E-6A69-69A736851D70}.Debug|Any CPU.Build.0 = Debug|Any CPU
		{9C650275-D971-DA0E-6A69-69A736851D70}.Release|Any CPU.ActiveCfg = Release|Any CPU
		{9C650275-D971-DA0E-6A69-69A736851D70}.Release|Any CPU.Build.0 = Release|Any CPU
		{491372C0-C45B-FA56-AB7F-F61207D369CF}.Debug|Any CPU.ActiveCfg = Debug|Any CPU
		{491372C0-C45B-FA56-AB7F-F61207D369CF}.Debug|Any CPU.Build.0 = Debug|Any CPU
		{491372C0-C45B-FA56-AB7F-F61207D369CF}.Release|Any CPU.ActiveCfg = Release|Any CPU
		{491372C0-C45B-FA56-AB7F-F61207D369CF}.Release|Any CPU.Build.0 = Release|Any CPU
		{BB47EA3C-D187-7DC5-63C8-97247AC5A1C4}.Debug|Any CPU.ActiveCfg = Debug|Any CPU
		{BB47EA3C-D187-7DC5-63C8-97247AC5A1C4}.Debug|Any CPU.Build.0 = Debug|Any CPU
		{BB47EA3C-D187-7DC5-63C8-97247AC5A1C4}.Release|Any CPU.ActiveCfg = Release|Any CPU
		{BB47EA3C-D187-7DC5-63C8-97247AC5A1C4}.Release|Any CPU.Build.0 = Release|Any CPU
		{37F533C8-E6C1-4CBB-4A3C-54CCA9519ED4}.Debug|Any CPU.ActiveCfg = Debug|Any CPU
		{37F533C8-E6C1-4CBB-4A3C-54CCA9519ED4}.Debug|Any CPU.Build.0 = Debug|Any CPU
		{37F533C8-E6C1-4CBB-4A3C-54CCA9519ED4}.Release|Any CPU.ActiveCfg = Release|Any CPU
		{37F533C8-E6C1-4CBB-4A3C-54CCA9519ED4}.Release|Any CPU.Build.0 = Release|Any CPU
		{8F6B8F04-6695-B71E-449C-60FA9FC16942}.Debug|Any CPU.ActiveCfg = Debug|Any CPU
		{8F6B8F04-6695-B71E-449C-60FA9FC16942}.Debug|Any CPU.Build.0 = Debug|Any CPU
		{8F6B8F04-6695-B71E-449C-60FA9FC16942}.Release|Any CPU.ActiveCfg = Release|Any CPU
		{8F6B8F04-6695-B71E-449C-60FA9FC16942}.Release|Any CPU.Build.0 = Release|Any CPU
		{0FAF8BAF-2B7E-3722-4452-481B0D0A7393}.Debug|Any CPU.ActiveCfg = Debug|Any CPU
		{0FAF8BAF-2B7E-3722-4452-481B0D0A7393}.Debug|Any CPU.Build.0 = Debug|Any CPU
		{0FAF8BAF-2B7E-3722-4452-481B0D0A7393}.Release|Any CPU.ActiveCfg = Release|Any CPU
		{0FAF8BAF-2B7E-3722-4452-481B0D0A7393}.Release|Any CPU.Build.0 = Release|Any CPU
		{D24A0F17-2A7D-4E8C-3D2E-CA6B2C9BEEC0}.Debug|Any CPU.ActiveCfg = Debug|Any CPU
		{D24A0F17-2A7D-4E8C-3D2E-CA6B2C9BEEC0}.Debug|Any CPU.Build.0 = Debug|Any CPU
		{D24A0F17-2A7D-4E8C-3D2E-CA6B2C9BEEC0}.Release|Any CPU.ActiveCfg = Release|Any CPU
		{D24A0F17-2A7D-4E8C-3D2E-CA6B2C9BEEC0}.Release|Any CPU.Build.0 = Release|Any CPU
		{582AD855-5F0F-AE4F-AFB2-CCB26A0798A0}.Debug|Any CPU.ActiveCfg = Debug|Any CPU
		{582AD855-5F0F-AE4F-AFB2-CCB26A0798A0}.Debug|Any CPU.Build.0 = Debug|Any CPU
		{582AD855-5F0F-AE4F-AFB2-CCB26A0798A0}.Release|Any CPU.ActiveCfg = Release|Any CPU
		{582AD855-5F0F-AE4F-AFB2-CCB26A0798A0}.Release|Any CPU.Build.0 = Release|Any CPU
		{C17383D7-4A05-5941-38AF-F856F1BEBD43}.Debug|Any CPU.ActiveCfg = Debug|Any CPU
		{C17383D7-4A05-5941-38AF-F856F1BEBD43}.Debug|Any CPU.Build.0 = Debug|Any CPU
		{C17383D7-4A05-5941-38AF-F856F1BEBD43}.Release|Any CPU.ActiveCfg = Release|Any CPU
		{C17383D7-4A05-5941-38AF-F856F1BEBD43}.Release|Any CPU.Build.0 = Release|Any CPU
		{6198590E-EAFF-F402-10ED-D12B9F8D71F8}.Debug|Any CPU.ActiveCfg = Debug|Any CPU
		{6198590E-EAFF-F402-10ED-D12B9F8D71F8}.Debug|Any CPU.Build.0 = Debug|Any CPU
		{6198590E-EAFF-F402-10ED-D12B9F8D71F8}.Release|Any CPU.ActiveCfg = Release|Any CPU
		{6198590E-EAFF-F402-10ED-D12B9F8D71F8}.Release|Any CPU.Build.0 = Release|Any CPU
		{5BB7B71E-2506-AAC7-DFB0-7892AED4379E}.Debug|Any CPU.ActiveCfg = Debug|Any CPU
		{5BB7B71E-2506-AAC7-DFB0-7892AED4379E}.Debug|Any CPU.Build.0 = Debug|Any CPU
		{5BB7B71E-2506-AAC7-DFB0-7892AED4379E}.Release|Any CPU.ActiveCfg = Release|Any CPU
		{5BB7B71E-2506-AAC7-DFB0-7892AED4379E}.Release|Any CPU.Build.0 = Release|Any CPU
		{3C04C0D4-0A8D-CACD-C4F6-7AA45605F9A4}.Debug|Any CPU.ActiveCfg = Debug|Any CPU
		{3C04C0D4-0A8D-CACD-C4F6-7AA45605F9A4}.Debug|Any CPU.Build.0 = Debug|Any CPU
		{3C04C0D4-0A8D-CACD-C4F6-7AA45605F9A4}.Release|Any CPU.ActiveCfg = Release|Any CPU
		{3C04C0D4-0A8D-CACD-C4F6-7AA45605F9A4}.Release|Any CPU.Build.0 = Release|Any CPU
		{461FDF7A-4A9F-82DD-2813-B2C3DC014CEC}.Debug|Any CPU.ActiveCfg = Debug|Any CPU
		{461FDF7A-4A9F-82DD-2813-B2C3DC014CEC}.Debug|Any CPU.Build.0 = Debug|Any CPU
		{461FDF7A-4A9F-82DD-2813-B2C3DC014CEC}.Release|Any CPU.ActiveCfg = Release|Any CPU
		{461FDF7A-4A9F-82DD-2813-B2C3DC014CEC}.Release|Any CPU.Build.0 = Release|Any CPU
		{69689A78-BC04-A986-DB57-5273CA9D082D}.Debug|Any CPU.ActiveCfg = Debug|Any CPU
		{69689A78-BC04-A986-DB57-5273CA9D082D}.Debug|Any CPU.Build.0 = Debug|Any CPU
		{69689A78-BC04-A986-DB57-5273CA9D082D}.Release|Any CPU.ActiveCfg = Release|Any CPU
		{69689A78-BC04-A986-DB57-5273CA9D082D}.Release|Any CPU.Build.0 = Release|Any CPU
		{84F9B5C4-B586-90AE-443E-A349D5583B3D}.Debug|Any CPU.ActiveCfg = Debug|Any CPU
		{84F9B5C4-B586-90AE-443E-A349D5583B3D}.Debug|Any CPU.Build.0 = Debug|Any CPU
		{84F9B5C4-B586-90AE-443E-A349D5583B3D}.Release|Any CPU.ActiveCfg = Release|Any CPU
		{84F9B5C4-B586-90AE-443E-A349D5583B3D}.Release|Any CPU.Build.0 = Release|Any CPU
		{7A59C1D5-335F-65CB-550D-3D1CA5C14CD5}.Debug|Any CPU.ActiveCfg = Debug|Any CPU
		{7A59C1D5-335F-65CB-550D-3D1CA5C14CD5}.Debug|Any CPU.Build.0 = Debug|Any CPU
		{7A59C1D5-335F-65CB-550D-3D1CA5C14CD5}.Release|Any CPU.ActiveCfg = Release|Any CPU
		{7A59C1D5-335F-65CB-550D-3D1CA5C14CD5}.Release|Any CPU.Build.0 = Release|Any CPU
		{8B4F0292-259E-E2D1-E3AF-26EC7320BF4A}.Debug|Any CPU.ActiveCfg = Debug|Any CPU
		{8B4F0292-259E-E2D1-E3AF-26EC7320BF4A}.Debug|Any CPU.Build.0 = Debug|Any CPU
		{8B4F0292-259E-E2D1-E3AF-26EC7320BF4A}.Release|Any CPU.ActiveCfg = Release|Any CPU
		{8B4F0292-259E-E2D1-E3AF-26EC7320BF4A}.Release|Any CPU.Build.0 = Release|Any CPU
		{D163764D-ADF8-23DD-62D3-093FBD102764}.Debug|Any CPU.ActiveCfg = Debug|Any CPU
		{D163764D-ADF8-23DD-62D3-093FBD102764}.Debug|Any CPU.Build.0 = Debug|Any CPU
		{D163764D-ADF8-23DD-62D3-093FBD102764}.Release|Any CPU.ActiveCfg = Release|Any CPU
		{D163764D-ADF8-23DD-62D3-093FBD102764}.Release|Any CPU.Build.0 = Release|Any CPU
		{658702E9-E6F0-00C9-A387-903E9982A2A9}.Debug|Any CPU.ActiveCfg = Debug|Any CPU
		{658702E9-E6F0-00C9-A387-903E9982A2A9}.Debug|Any CPU.Build.0 = Debug|Any CPU
		{658702E9-E6F0-00C9-A387-903E9982A2A9}.Release|Any CPU.ActiveCfg = Release|Any CPU
		{658702E9-E6F0-00C9-A387-903E9982A2A9}.Release|Any CPU.Build.0 = Release|Any CPU
		{2299CC7A-6C47-FE5F-BEBC-AEBC28B1F05F}.Debug|Any CPU.ActiveCfg = Debug|Any CPU
		{2299CC7A-6C47-FE5F-BEBC-AEBC28B1F05F}.Debug|Any CPU.Build.0 = Debug|Any CPU
		{2299CC7A-6C47-FE5F-BEBC-AEBC28B1F05F}.Release|Any CPU.ActiveCfg = Release|Any CPU
		{2299CC7A-6C47-FE5F-BEBC-AEBC28B1F05F}.Release|Any CPU.Build.0 = Release|Any CPU
		{D1C31321-E5B9-E80F-328A-DE8E0EB986F9}.Debug|Any CPU.ActiveCfg = Debug|Any CPU
		{D1C31321-E5B9-E80F-328A-DE8E0EB986F9}.Debug|Any CPU.Build.0 = Debug|Any CPU
		{D1C31321-E5B9-E80F-328A-DE8E0EB986F9}.Release|Any CPU.ActiveCfg = Release|Any CPU
		{D1C31321-E5B9-E80F-328A-DE8E0EB986F9}.Release|Any CPU.Build.0 = Release|Any CPU
		{E439E1B1-79B5-1F81-B85D-0A8A66043B14}.Debug|Any CPU.ActiveCfg = Debug|Any CPU
		{E439E1B1-79B5-1F81-B85D-0A8A66043B14}.Debug|Any CPU.Build.0 = Debug|Any CPU
		{E439E1B1-79B5-1F81-B85D-0A8A66043B14}.Release|Any CPU.ActiveCfg = Release|Any CPU
		{E439E1B1-79B5-1F81-B85D-0A8A66043B14}.Release|Any CPU.Build.0 = Release|Any CPU
		{31A780A1-8B2F-37BF-4E7F-A5B79B0B3DAB}.Debug|Any CPU.ActiveCfg = Debug|Any CPU
		{31A780A1-8B2F-37BF-4E7F-A5B79B0B3DAB}.Debug|Any CPU.Build.0 = Debug|Any CPU
		{31A780A1-8B2F-37BF-4E7F-A5B79B0B3DAB}.Release|Any CPU.ActiveCfg = Release|Any CPU
		{31A780A1-8B2F-37BF-4E7F-A5B79B0B3DAB}.Release|Any CPU.Build.0 = Release|Any CPU
		{25394554-D711-2AD0-2DAE-2FC216255520}.Debug|Any CPU.ActiveCfg = Debug|Any CPU
		{25394554-D711-2AD0-2DAE-2FC216255520}.Debug|Any CPU.Build.0 = Debug|Any CPU
		{25394554-D711-2AD0-2DAE-2FC216255520}.Release|Any CPU.ActiveCfg = Release|Any CPU
		{25394554-D711-2AD0-2DAE-2FC216255520}.Release|Any CPU.Build.0 = Release|Any CPU
		{369FE09B-ECE1-4674-988E-4481A07657F2}.Debug|Any CPU.ActiveCfg = Debug|Any CPU
		{369FE09B-ECE1-4674-988E-4481A07657F2}.Debug|Any CPU.Build.0 = Debug|Any CPU
		{369FE09B-ECE1-4674-988E-4481A07657F2}.Release|Any CPU.ActiveCfg = Release|Any CPU
		{369FE09B-ECE1-4674-988E-4481A07657F2}.Release|Any CPU.Build.0 = Release|Any CPU
	EndGlobalSection
	GlobalSection(SolutionProperties) = preSolution
		HideSolutionNode = FALSE
	EndGlobalSection
EndGlobal
